# This file is automatically @generated by Cargo.
# It is not intended for manual editing.
version = 4

[[package]]
name = "shlop-agent"
version = "0.1.0"

[[package]]
name = "shlop-cli"
version = "0.1.0"

[[package]]
name = "shlop-config"
version = "0.1.0"

[[package]]
name = "shlop-core"
version = "0.1.0"

[[package]]
name = "shlop-ext-fs"
version = "0.1.0"

[[package]]
name = "shlop-ext-shell"
version = "0.1.0"

[[package]]
name = "shlop-proto"
version = "0.1.0"

[[package]]
name = "shlop-socket"
version = "0.1.0"

[[package]]
name = "shlop-supervisor"
version = "0.1.0"
